// !$*UTF8*$!
{
	archiveVersion = 1;
	classes = {
	};
	objectVersion = 50;
	objects = {

/* Begin PBXBuildFile section */
		45CBE34E222785A700EE6355 /* MainScreenButtonsStackView.swift in Sources */ = {isa = PBXBuildFile; fileRef = 45CBE34D222785A700EE6355 /* MainScreenButtonsStackView.swift */; };
		45D701CC2230A1BC00187CC0 /* MainBoardView.swift in Sources */ = {isa = PBXBuildFile; fileRef = 45D701CB2230A1BC00187CC0 /* MainBoardView.swift */; };
		45D701CF2230C2CB00187CC0 /* BoardCellView.swift in Sources */ = {isa = PBXBuildFile; fileRef = 45D701CE2230C2CB00187CC0 /* BoardCellView.swift */; };
		514BB5682232ECBE0006E380 /* PlayerTypeEnum.swift in Sources */ = {isa = PBXBuildFile; fileRef = 514BB5672232ECBE0006E380 /* PlayerTypeEnum.swift */; };
		514BB56C2232F9E70006E380 /* BoardCellDelegate.swift in Sources */ = {isa = PBXBuildFile; fileRef = 514BB56B2232F9E70006E380 /* BoardCellDelegate.swift */; };
		51EBA6E8221DF12000A3F951 /* AppDelegate.swift in Sources */ = {isa = PBXBuildFile; fileRef = 51EBA6E7221DF12000A3F951 /* AppDelegate.swift */; };
		51EBA6F0221DF12000A3F951 /* swifty_tictactoe.xcdatamodeld in Sources */ = {isa = PBXBuildFile; fileRef = 51EBA6EE221DF12000A3F951 /* swifty_tictactoe.xcdatamodeld */; };
		51EBA6F2221DF12100A3F951 /* Assets.xcassets in Resources */ = {isa = PBXBuildFile; fileRef = 51EBA6F1221DF12100A3F951 /* Assets.xcassets */; };
		51EBA700221DF12100A3F951 /* swifty_tictactoeTests.swift in Sources */ = {isa = PBXBuildFile; fileRef = 51EBA6FF221DF12100A3F951 /* swifty_tictactoeTests.swift */; };
		51EBA70B221DF12100A3F951 /* swifty_tictactoeUITests.swift in Sources */ = {isa = PBXBuildFile; fileRef = 51EBA70A221DF12100A3F951 /* swifty_tictactoeUITests.swift */; };
		51EBA719221DF27D00A3F951 /* MainGameScreenViewController.swift in Sources */ = {isa = PBXBuildFile; fileRef = 51EBA718221DF27D00A3F951 /* MainGameScreenViewController.swift */; };
		51EBA723221E077700A3F951 /* UIViewLayoutExtension.swift in Sources */ = {isa = PBXBuildFile; fileRef = 51EBA722221E077700A3F951 /* UIViewLayoutExtension.swift */; };
		7BF8FF1A30F8F8B8E8C10BD0 /* Pods_swifty_tictactoe.framework in Frameworks */ = {isa = PBXBuildFile; fileRef = C0EA621BEC0199A899D93C24 /* Pods_swifty_tictactoe.framework */; };
		9354634E9099B599241A80AD /* Pods_swifty_tictactoeUITests.framework in Frameworks */ = {isa = PBXBuildFile; fileRef = E59E8A2C82D445C755725504 /* Pods_swifty_tictactoeUITests.framework */; };
		DC8057DBF9788D56CC050524 /* Pods_swifty_tictactoeTests.framework in Frameworks */ = {isa = PBXBuildFile; fileRef = 6AFF9F79B26A6CB9C23247DC /* Pods_swifty_tictactoeTests.framework */; };
/* End PBXBuildFile section */

/* Begin PBXContainerItemProxy section */
		51EBA6FC221DF12100A3F951 /* PBXContainerItemProxy */ = {
			isa = PBXContainerItemProxy;
			containerPortal = 51EBA6DC221DF12000A3F951 /* Project object */;
			proxyType = 1;
			remoteGlobalIDString = 51EBA6E3221DF12000A3F951;
			remoteInfo = "swifty-tictactoe";
		};
		51EBA707221DF12100A3F951 /* PBXContainerItemProxy */ = {
			isa = PBXContainerItemProxy;
			containerPortal = 51EBA6DC221DF12000A3F951 /* Project object */;
			proxyType = 1;
			remoteGlobalIDString = 51EBA6E3221DF12000A3F951;
			remoteInfo = "swifty-tictactoe";
		};
/* End PBXContainerItemProxy section */

/* Begin PBXFileReference section */
		14F59D6BEC26383B541E8FEF /* Pods-swifty-tictactoeTests.release.xcconfig */ = {isa = PBXFileReference; includeInIndex = 1; lastKnownFileType = text.xcconfig; name = "Pods-swifty-tictactoeTests.release.xcconfig"; path = "Pods/Target Support Files/Pods-swifty-tictactoeTests/Pods-swifty-tictactoeTests.release.xcconfig"; sourceTree = "<group>"; };
		3EA84D53A9FD709519C5DA8B /* Pods-swifty-tictactoeTests.debug.xcconfig */ = {isa = PBXFileReference; includeInIndex = 1; lastKnownFileType = text.xcconfig; name = "Pods-swifty-tictactoeTests.debug.xcconfig"; path = "Pods/Target Support Files/Pods-swifty-tictactoeTests/Pods-swifty-tictactoeTests.debug.xcconfig"; sourceTree = "<group>"; };
		45CBE34D222785A700EE6355 /* MainScreenButtonsStackView.swift */ = {isa = PBXFileReference; lastKnownFileType = sourcecode.swift; path = MainScreenButtonsStackView.swift; sourceTree = "<group>"; };
		45D701CB2230A1BC00187CC0 /* MainBoardView.swift */ = {isa = PBXFileReference; lastKnownFileType = sourcecode.swift; path = MainBoardView.swift; sourceTree = "<group>"; };
		45D701CE2230C2CB00187CC0 /* BoardCellView.swift */ = {isa = PBXFileReference; lastKnownFileType = sourcecode.swift; path = BoardCellView.swift; sourceTree = "<group>"; };
		514BB5672232ECBE0006E380 /* PlayerTypeEnum.swift */ = {isa = PBXFileReference; lastKnownFileType = sourcecode.swift; path = PlayerTypeEnum.swift; sourceTree = "<group>"; };
		514BB56B2232F9E70006E380 /* BoardCellDelegate.swift */ = {isa = PBXFileReference; lastKnownFileType = sourcecode.swift; path = BoardCellDelegate.swift; sourceTree = "<group>"; };
		51EBA6E4221DF12000A3F951 /* swifty-tictactoe.app */ = {isa = PBXFileReference; explicitFileType = wrapper.application; includeInIndex = 0; path = "swifty-tictactoe.app"; sourceTree = BUILT_PRODUCTS_DIR; };
		51EBA6E7221DF12000A3F951 /* AppDelegate.swift */ = {isa = PBXFileReference; lastKnownFileType = sourcecode.swift; path = AppDelegate.swift; sourceTree = "<group>"; };
		51EBA6EF221DF12000A3F951 /* swifty_tictactoe.xcdatamodel */ = {isa = PBXFileReference; lastKnownFileType = wrapper.xcdatamodel; path = swifty_tictactoe.xcdatamodel; sourceTree = "<group>"; };
		51EBA6F1221DF12100A3F951 /* Assets.xcassets */ = {isa = PBXFileReference; lastKnownFileType = folder.assetcatalog; path = Assets.xcassets; sourceTree = "<group>"; };
		51EBA6F6221DF12100A3F951 /* Info.plist */ = {isa = PBXFileReference; lastKnownFileType = text.plist.xml; path = Info.plist; sourceTree = "<group>"; };
		51EBA6FB221DF12100A3F951 /* swifty-tictactoeTests.xctest */ = {isa = PBXFileReference; explicitFileType = wrapper.cfbundle; includeInIndex = 0; path = "swifty-tictactoeTests.xctest"; sourceTree = BUILT_PRODUCTS_DIR; };
		51EBA6FF221DF12100A3F951 /* swifty_tictactoeTests.swift */ = {isa = PBXFileReference; lastKnownFileType = sourcecode.swift; path = swifty_tictactoeTests.swift; sourceTree = "<group>"; };
		51EBA701221DF12100A3F951 /* Info.plist */ = {isa = PBXFileReference; lastKnownFileType = text.plist.xml; path = Info.plist; sourceTree = "<group>"; };
		51EBA706221DF12100A3F951 /* swifty-tictactoeUITests.xctest */ = {isa = PBXFileReference; explicitFileType = wrapper.cfbundle; includeInIndex = 0; path = "swifty-tictactoeUITests.xctest"; sourceTree = BUILT_PRODUCTS_DIR; };
		51EBA70A221DF12100A3F951 /* swifty_tictactoeUITests.swift */ = {isa = PBXFileReference; lastKnownFileType = sourcecode.swift; path = swifty_tictactoeUITests.swift; sourceTree = "<group>"; };
		51EBA70C221DF12100A3F951 /* Info.plist */ = {isa = PBXFileReference; lastKnownFileType = text.plist.xml; path = Info.plist; sourceTree = "<group>"; };
		51EBA718221DF27D00A3F951 /* MainGameScreenViewController.swift */ = {isa = PBXFileReference; lastKnownFileType = sourcecode.swift; path = MainGameScreenViewController.swift; sourceTree = "<group>"; };
		51EBA722221E077700A3F951 /* UIViewLayoutExtension.swift */ = {isa = PBXFileReference; lastKnownFileType = sourcecode.swift; path = UIViewLayoutExtension.swift; sourceTree = "<group>"; };
		6AFF9F79B26A6CB9C23247DC /* Pods_swifty_tictactoeTests.framework */ = {isa = PBXFileReference; explicitFileType = wrapper.framework; includeInIndex = 0; path = Pods_swifty_tictactoeTests.framework; sourceTree = BUILT_PRODUCTS_DIR; };
		8E5CB4A6F04E9A540F0AD79B /* Pods-swifty-tictactoe.debug.xcconfig */ = {isa = PBXFileReference; includeInIndex = 1; lastKnownFileType = text.xcconfig; name = "Pods-swifty-tictactoe.debug.xcconfig"; path = "Pods/Target Support Files/Pods-swifty-tictactoe/Pods-swifty-tictactoe.debug.xcconfig"; sourceTree = "<group>"; };
		ACB1AB4B44F7F8A089ADAC61 /* Pods-swifty-tictactoeUITests.release.xcconfig */ = {isa = PBXFileReference; includeInIndex = 1; lastKnownFileType = text.xcconfig; name = "Pods-swifty-tictactoeUITests.release.xcconfig"; path = "Pods/Target Support Files/Pods-swifty-tictactoeUITests/Pods-swifty-tictactoeUITests.release.xcconfig"; sourceTree = "<group>"; };
		C0EA621BEC0199A899D93C24 /* Pods_swifty_tictactoe.framework */ = {isa = PBXFileReference; explicitFileType = wrapper.framework; includeInIndex = 0; path = Pods_swifty_tictactoe.framework; sourceTree = BUILT_PRODUCTS_DIR; };
		DDDB0FB365924CDB535561B8 /* Pods-swifty-tictactoeUITests.debug.xcconfig */ = {isa = PBXFileReference; includeInIndex = 1; lastKnownFileType = text.xcconfig; name = "Pods-swifty-tictactoeUITests.debug.xcconfig"; path = "Pods/Target Support Files/Pods-swifty-tictactoeUITests/Pods-swifty-tictactoeUITests.debug.xcconfig"; sourceTree = "<group>"; };
		E4B51A452917CDDEFE9811E8 /* Pods-swifty-tictactoe.release.xcconfig */ = {isa = PBXFileReference; includeInIndex = 1; lastKnownFileType = text.xcconfig; name = "Pods-swifty-tictactoe.release.xcconfig"; path = "Pods/Target Support Files/Pods-swifty-tictactoe/Pods-swifty-tictactoe.release.xcconfig"; sourceTree = "<group>"; };
		E59E8A2C82D445C755725504 /* Pods_swifty_tictactoeUITests.framework */ = {isa = PBXFileReference; explicitFileType = wrapper.framework; includeInIndex = 0; path = Pods_swifty_tictactoeUITests.framework; sourceTree = BUILT_PRODUCTS_DIR; };
/* End PBXFileReference section */

/* Begin PBXFrameworksBuildPhase section */
		51EBA6E1221DF12000A3F951 /* Frameworks */ = {
			isa = PBXFrameworksBuildPhase;
			buildActionMask = 2147483647;
			files = (
				7BF8FF1A30F8F8B8E8C10BD0 /* Pods_swifty_tictactoe.framework in Frameworks */,
			);
			runOnlyForDeploymentPostprocessing = 0;
		};
		51EBA6F8221DF12100A3F951 /* Frameworks */ = {
			isa = PBXFrameworksBuildPhase;
			buildActionMask = 2147483647;
			files = (
				DC8057DBF9788D56CC050524 /* Pods_swifty_tictactoeTests.framework in Frameworks */,
			);
			runOnlyForDeploymentPostprocessing = 0;
		};
		51EBA703221DF12100A3F951 /* Frameworks */ = {
			isa = PBXFrameworksBuildPhase;
			buildActionMask = 2147483647;
			files = (
				9354634E9099B599241A80AD /* Pods_swifty_tictactoeUITests.framework in Frameworks */,
			);
			runOnlyForDeploymentPostprocessing = 0;
		};
/* End PBXFrameworksBuildPhase section */

/* Begin PBXGroup section */
		45CBE34C2227857C00EE6355 /* Components */ = {
			isa = PBXGroup;
			children = (
				45D701CA2230A19F00187CC0 /* GameTable */,
				45CBE34D222785A700EE6355 /* MainScreenButtonsStackView.swift */,
			);
			path = Components;
			sourceTree = "<group>";
		};
		45D701CA2230A19F00187CC0 /* GameTable */ = {
			isa = PBXGroup;
			children = (
				45D701CB2230A1BC00187CC0 /* MainBoardView.swift */,
				45D701CE2230C2CB00187CC0 /* BoardCellView.swift */,
				514BB5672232ECBE0006E380 /* PlayerTypeEnum.swift */,
				514BB56B2232F9E70006E380 /* BoardCellDelegate.swift */,
			);
			path = GameTable;
			sourceTree = "<group>";
		};
		51EBA6DB221DF12000A3F951 = {
			isa = PBXGroup;
			children = (
				51EBA6E6221DF12000A3F951 /* swifty-tictactoe */,
				51EBA6FE221DF12100A3F951 /* swifty-tictactoeTests */,
				51EBA709221DF12100A3F951 /* swifty-tictactoeUITests */,
				51EBA6E5221DF12000A3F951 /* Products */,
				CDECE992B953BFD1D53CBC2E /* Pods */,
				ABABB1ACCFBD7EA10CA0A0D8 /* Frameworks */,
			);
			sourceTree = "<group>";
		};
		51EBA6E5221DF12000A3F951 /* Products */ = {
			isa = PBXGroup;
			children = (
				51EBA6E4221DF12000A3F951 /* swifty-tictactoe.app */,
				51EBA6FB221DF12100A3F951 /* swifty-tictactoeTests.xctest */,
				51EBA706221DF12100A3F951 /* swifty-tictactoeUITests.xctest */,
			);
			name = Products;
			sourceTree = "<group>";
		};
		51EBA6E6221DF12000A3F951 /* swifty-tictactoe */ = {
			isa = PBXGroup;
			children = (
				51EBA71A221DFF9F00A3F951 /* Main Screen */,
				51EBA6E7221DF12000A3F951 /* AppDelegate.swift */,
				51EBA6F1221DF12100A3F951 /* Assets.xcassets */,
				51EBA6F6221DF12100A3F951 /* Info.plist */,
				51EBA6EE221DF12000A3F951 /* swifty_tictactoe.xcdatamodeld */,
			);
			path = "swifty-tictactoe";
			sourceTree = "<group>";
		};
		51EBA6FE221DF12100A3F951 /* swifty-tictactoeTests */ = {
			isa = PBXGroup;
			children = (
				51EBA6FF221DF12100A3F951 /* swifty_tictactoeTests.swift */,
				51EBA701221DF12100A3F951 /* Info.plist */,
			);
			path = "swifty-tictactoeTests";
			sourceTree = "<group>";
		};
		51EBA709221DF12100A3F951 /* swifty-tictactoeUITests */ = {
			isa = PBXGroup;
			children = (
				51EBA70A221DF12100A3F951 /* swifty_tictactoeUITests.swift */,
				51EBA70C221DF12100A3F951 /* Info.plist */,
			);
			path = "swifty-tictactoeUITests";
			sourceTree = "<group>";
		};
		51EBA71A221DFF9F00A3F951 /* Main Screen */ = {
			isa = PBXGroup;
			children = (
				45CBE34C2227857C00EE6355 /* Components */,
				51EBA721221E075800A3F951 /* Extensions */,
				51EBA718221DF27D00A3F951 /* MainGameScreenViewController.swift */,
			);
			path = "Main Screen";
			sourceTree = "<group>";
		};
		51EBA721221E075800A3F951 /* Extensions */ = {
			isa = PBXGroup;
			children = (
				51EBA722221E077700A3F951 /* UIViewLayoutExtension.swift */,
			);
			path = Extensions;
			sourceTree = "<group>";
		};
		ABABB1ACCFBD7EA10CA0A0D8 /* Frameworks */ = {
			isa = PBXGroup;
			children = (
				C0EA621BEC0199A899D93C24 /* Pods_swifty_tictactoe.framework */,
				6AFF9F79B26A6CB9C23247DC /* Pods_swifty_tictactoeTests.framework */,
				E59E8A2C82D445C755725504 /* Pods_swifty_tictactoeUITests.framework */,
			);
			name = Frameworks;
			sourceTree = "<group>";
		};
		CDECE992B953BFD1D53CBC2E /* Pods */ = {
			isa = PBXGroup;
			children = (
				8E5CB4A6F04E9A540F0AD79B /* Pods-swifty-tictactoe.debug.xcconfig */,
				E4B51A452917CDDEFE9811E8 /* Pods-swifty-tictactoe.release.xcconfig */,
				3EA84D53A9FD709519C5DA8B /* Pods-swifty-tictactoeTests.debug.xcconfig */,
				14F59D6BEC26383B541E8FEF /* Pods-swifty-tictactoeTests.release.xcconfig */,
				DDDB0FB365924CDB535561B8 /* Pods-swifty-tictactoeUITests.debug.xcconfig */,
				ACB1AB4B44F7F8A089ADAC61 /* Pods-swifty-tictactoeUITests.release.xcconfig */,
			);
			name = Pods;
			sourceTree = "<group>";
		};
/* End PBXGroup section */

/* Begin PBXNativeTarget section */
		51EBA6E3221DF12000A3F951 /* swifty-tictactoe */ = {
			isa = PBXNativeTarget;
			buildConfigurationList = 51EBA70F221DF12100A3F951 /* Build configuration list for PBXNativeTarget "swifty-tictactoe" */;
			buildPhases = (
				9EC9A07C228CC4845880BE01 /* [CP] Check Pods Manifest.lock */,
				51EBA6E0221DF12000A3F951 /* Sources */,
				51EBA6E1221DF12000A3F951 /* Frameworks */,
				51EBA6E2221DF12000A3F951 /* Resources */,
			);
			buildRules = (
			);
			dependencies = (
			);
			name = "swifty-tictactoe";
			productName = "swifty-tictactoe";
			productReference = 51EBA6E4221DF12000A3F951 /* swifty-tictactoe.app */;
			productType = "com.apple.product-type.application";
		};
		51EBA6FA221DF12100A3F951 /* swifty-tictactoeTests */ = {
			isa = PBXNativeTarget;
			buildConfigurationList = 51EBA712221DF12100A3F951 /* Build configuration list for PBXNativeTarget "swifty-tictactoeTests" */;
			buildPhases = (
				38086800C8175714C20669C7 /* [CP] Check Pods Manifest.lock */,
				51EBA6F7221DF12100A3F951 /* Sources */,
				51EBA6F8221DF12100A3F951 /* Frameworks */,
				51EBA6F9221DF12100A3F951 /* Resources */,
			);
			buildRules = (
			);
			dependencies = (
				51EBA6FD221DF12100A3F951 /* PBXTargetDependency */,
			);
			name = "swifty-tictactoeTests";
			productName = "swifty-tictactoeTests";
			productReference = 51EBA6FB221DF12100A3F951 /* swifty-tictactoeTests.xctest */;
			productType = "com.apple.product-type.bundle.unit-test";
		};
		51EBA705221DF12100A3F951 /* swifty-tictactoeUITests */ = {
			isa = PBXNativeTarget;
			buildConfigurationList = 51EBA715221DF12100A3F951 /* Build configuration list for PBXNativeTarget "swifty-tictactoeUITests" */;
			buildPhases = (
				ED88EE4287FDFA6C88DBEA84 /* [CP] Check Pods Manifest.lock */,
				51EBA702221DF12100A3F951 /* Sources */,
				51EBA703221DF12100A3F951 /* Frameworks */,
				51EBA704221DF12100A3F951 /* Resources */,
			);
			buildRules = (
			);
			dependencies = (
				51EBA708221DF12100A3F951 /* PBXTargetDependency */,
			);
			name = "swifty-tictactoeUITests";
			productName = "swifty-tictactoeUITests";
			productReference = 51EBA706221DF12100A3F951 /* swifty-tictactoeUITests.xctest */;
			productType = "com.apple.product-type.bundle.ui-testing";
		};
/* End PBXNativeTarget section */

/* Begin PBXProject section */
		51EBA6DC221DF12000A3F951 /* Project object */ = {
			isa = PBXProject;
			attributes = {
				LastSwiftUpdateCheck = 1010;
				LastUpgradeCheck = 1010;
				ORGANIZATIONNAME = Alexandre;
				TargetAttributes = {
					51EBA6E3221DF12000A3F951 = {
						CreatedOnToolsVersion = 10.1;
					};
					51EBA6FA221DF12100A3F951 = {
						CreatedOnToolsVersion = 10.1;
						TestTargetID = 51EBA6E3221DF12000A3F951;
					};
					51EBA705221DF12100A3F951 = {
						CreatedOnToolsVersion = 10.1;
						TestTargetID = 51EBA6E3221DF12000A3F951;
					};
				};
			};
			buildConfigurationList = 51EBA6DF221DF12000A3F951 /* Build configuration list for PBXProject "swifty-tictactoe" */;
			compatibilityVersion = "Xcode 9.3";
			developmentRegion = en;
			hasScannedForEncodings = 0;
			knownRegions = (
				en,
				Base,
			);
			mainGroup = 51EBA6DB221DF12000A3F951;
			productRefGroup = 51EBA6E5221DF12000A3F951 /* Products */;
			projectDirPath = "";
			projectRoot = "";
			targets = (
				51EBA6E3221DF12000A3F951 /* swifty-tictactoe */,
				51EBA6FA221DF12100A3F951 /* swifty-tictactoeTests */,
				51EBA705221DF12100A3F951 /* swifty-tictactoeUITests */,
			);
		};
/* End PBXProject section */

/* Begin PBXResourcesBuildPhase section */
		51EBA6E2221DF12000A3F951 /* Resources */ = {
			isa = PBXResourcesBuildPhase;
			buildActionMask = 2147483647;
			files = (
				51EBA6F2221DF12100A3F951 /* Assets.xcassets in Resources */,
			);
			runOnlyForDeploymentPostprocessing = 0;
		};
		51EBA6F9221DF12100A3F951 /* Resources */ = {
			isa = PBXResourcesBuildPhase;
			buildActionMask = 2147483647;
			files = (
			);
			runOnlyForDeploymentPostprocessing = 0;
		};
		51EBA704221DF12100A3F951 /* Resources */ = {
			isa = PBXResourcesBuildPhase;
			buildActionMask = 2147483647;
			files = (
			);
			runOnlyForDeploymentPostprocessing = 0;
		};
/* End PBXResourcesBuildPhase section */

/* Begin PBXShellScriptBuildPhase section */
		38086800C8175714C20669C7 /* [CP] Check Pods Manifest.lock */ = {
			isa = PBXShellScriptBuildPhase;
			buildActionMask = 2147483647;
			files = (
			);
			inputFileListPaths = (
			);
			inputPaths = (
				"${PODS_PODFILE_DIR_PATH}/Podfile.lock",
				"${PODS_ROOT}/Manifest.lock",
			);
			name = "[CP] Check Pods Manifest.lock";
			outputFileListPaths = (
			);
			outputPaths = (
				"$(DERIVED_FILE_DIR)/Pods-swifty-tictactoeTests-checkManifestLockResult.txt",
			);
			runOnlyForDeploymentPostprocessing = 0;
			shellPath = /bin/sh;
			shellScript = "diff \"${PODS_PODFILE_DIR_PATH}/Podfile.lock\" \"${PODS_ROOT}/Manifest.lock\" > /dev/null\nif [ $? != 0 ] ; then\n    # print error to STDERR\n    echo \"error: The sandbox is not in sync with the Podfile.lock. Run 'pod install' or update your CocoaPods installation.\" >&2\n    exit 1\nfi\n# This output is used by Xcode 'outputs' to avoid re-running this script phase.\necho \"SUCCESS\" > \"${SCRIPT_OUTPUT_FILE_0}\"\n";
			showEnvVarsInLog = 0;
		};
		9EC9A07C228CC4845880BE01 /* [CP] Check Pods Manifest.lock */ = {
			isa = PBXShellScriptBuildPhase;
			buildActionMask = 2147483647;
			files = (
			);
			inputFileListPaths = (
			);
			inputPaths = (
				"${PODS_PODFILE_DIR_PATH}/Podfile.lock",
				"${PODS_ROOT}/Manifest.lock",
			);
			name = "[CP] Check Pods Manifest.lock";
			outputFileListPaths = (
			);
			outputPaths = (
				"$(DERIVED_FILE_DIR)/Pods-swifty-tictactoe-checkManifestLockResult.txt",
			);
			runOnlyForDeploymentPostprocessing = 0;
			shellPath = /bin/sh;
			shellScript = "diff \"${PODS_PODFILE_DIR_PATH}/Podfile.lock\" \"${PODS_ROOT}/Manifest.lock\" > /dev/null\nif [ $? != 0 ] ; then\n    # print error to STDERR\n    echo \"error: The sandbox is not in sync with the Podfile.lock. Run 'pod install' or update your CocoaPods installation.\" >&2\n    exit 1\nfi\n# This output is used by Xcode 'outputs' to avoid re-running this script phase.\necho \"SUCCESS\" > \"${SCRIPT_OUTPUT_FILE_0}\"\n";
			showEnvVarsInLog = 0;
		};
		ED88EE4287FDFA6C88DBEA84 /* [CP] Check Pods Manifest.lock */ = {
			isa = PBXShellScriptBuildPhase;
			buildActionMask = 2147483647;
			files = (
			);
			inputFileListPaths = (
			);
			inputPaths = (
				"${PODS_PODFILE_DIR_PATH}/Podfile.lock",
				"${PODS_ROOT}/Manifest.lock",
			);
			name = "[CP] Check Pods Manifest.lock";
			outputFileListPaths = (
			);
			outputPaths = (
				"$(DERIVED_FILE_DIR)/Pods-swifty-tictactoeUITests-checkManifestLockResult.txt",
			);
			runOnlyForDeploymentPostprocessing = 0;
			shellPath = /bin/sh;
			shellScript = "diff \"${PODS_PODFILE_DIR_PATH}/Podfile.lock\" \"${PODS_ROOT}/Manifest.lock\" > /dev/null\nif [ $? != 0 ] ; then\n    # print error to STDERR\n    echo \"error: The sandbox is not in sync with the Podfile.lock. Run 'pod install' or update your CocoaPods installation.\" >&2\n    exit 1\nfi\n# This output is used by Xcode 'outputs' to avoid re-running this script phase.\necho \"SUCCESS\" > \"${SCRIPT_OUTPUT_FILE_0}\"\n";
			showEnvVarsInLog = 0;
		};
/* End PBXShellScriptBuildPhase section */

/* Begin PBXSourcesBuildPhase section */
		51EBA6E0221DF12000A3F951 /* Sources */ = {
			isa = PBXSourcesBuildPhase;
			buildActionMask = 2147483647;
			files = (
				51EBA6F0221DF12000A3F951 /* swifty_tictactoe.xcdatamodeld in Sources */,
				51EBA6E8221DF12000A3F951 /* AppDelegate.swift in Sources */,
				45D701CF2230C2CB00187CC0 /* BoardCellView.swift in Sources */,
				51EBA723221E077700A3F951 /* UIViewLayoutExtension.swift in Sources */,
				45CBE34E222785A700EE6355 /* MainScreenButtonsStackView.swift in Sources */,
				514BB5682232ECBE0006E380 /* PlayerTypeEnum.swift in Sources */,
				514BB56C2232F9E70006E380 /* BoardCellDelegate.swift in Sources */,
				51EBA719221DF27D00A3F951 /* MainGameScreenViewController.swift in Sources */,
				45D701CC2230A1BC00187CC0 /* MainBoardView.swift in Sources */,
			);
			runOnlyForDeploymentPostprocessing = 0;
		};
		51EBA6F7221DF12100A3F951 /* Sources */ = {
			isa = PBXSourcesBuildPhase;
			buildActionMask = 2147483647;
			files = (
				51EBA700221DF12100A3F951 /* swifty_tictactoeTests.swift in Sources */,
			);
			runOnlyForDeploymentPostprocessing = 0;
		};
		51EBA702221DF12100A3F951 /* Sources */ = {
			isa = PBXSourcesBuildPhase;
			buildActionMask = 2147483647;
			files = (
				51EBA70B221DF12100A3F951 /* swifty_tictactoeUITests.swift in Sources */,
			);
			runOnlyForDeploymentPostprocessing = 0;
		};
/* End PBXSourcesBuildPhase section */

/* Begin PBXTargetDependency section */
		51EBA6FD221DF12100A3F951 /* PBXTargetDependency */ = {
			isa = PBXTargetDependency;
			target = 51EBA6E3221DF12000A3F951 /* swifty-tictactoe */;
			targetProxy = 51EBA6FC221DF12100A3F951 /* PBXContainerItemProxy */;
		};
		51EBA708221DF12100A3F951 /* PBXTargetDependency */ = {
			isa = PBXTargetDependency;
			target = 51EBA6E3221DF12000A3F951 /* swifty-tictactoe */;
			targetProxy = 51EBA707221DF12100A3F951 /* PBXContainerItemProxy */;
		};
/* End PBXTargetDependency section */

/* Begin XCBuildConfiguration section */
		51EBA70D221DF12100A3F951 /* Debug */ = {
			isa = XCBuildConfiguration;
			buildSettings = {
				ALWAYS_SEARCH_USER_PATHS = NO;
				CLANG_ANALYZER_NONNULL = YES;
				CLANG_ANALYZER_NUMBER_OBJECT_CONVERSION = YES_AGGRESSIVE;
				CLANG_CXX_LANGUAGE_STANDARD = "gnu++14";
				CLANG_CXX_LIBRARY = "libc++";
				CLANG_ENABLE_MODULES = YES;
				CLANG_ENABLE_OBJC_ARC = YES;
				CLANG_ENABLE_OBJC_WEAK = YES;
				CLANG_WARN_BLOCK_CAPTURE_AUTORELEASING = YES;
				CLANG_WARN_BOOL_CONVERSION = YES;
				CLANG_WARN_COMMA = YES;
				CLANG_WARN_CONSTANT_CONVERSION = YES;
				CLANG_WARN_DEPRECATED_OBJC_IMPLEMENTATIONS = YES;
				CLANG_WARN_DIRECT_OBJC_ISA_USAGE = YES_ERROR;
				CLANG_WARN_DOCUMENTATION_COMMENTS = YES;
				CLANG_WARN_EMPTY_BODY = YES;
				CLANG_WARN_ENUM_CONVERSION = YES;
				CLANG_WARN_INFINITE_RECURSION = YES;
				CLANG_WARN_INT_CONVERSION = YES;
				CLANG_WARN_NON_LITERAL_NULL_CONVERSION = YES;
				CLANG_WARN_OBJC_IMPLICIT_RETAIN_SELF = YES;
				CLANG_WARN_OBJC_LITERAL_CONVERSION = YES;
				CLANG_WARN_OBJC_ROOT_CLASS = YES_ERROR;
				CLANG_WARN_RANGE_LOOP_ANALYSIS = YES;
				CLANG_WARN_STRICT_PROTOTYPES = YES;
				CLANG_WARN_SUSPICIOUS_MOVE = YES;
				CLANG_WARN_UNGUARDED_AVAILABILITY = YES_AGGRESSIVE;
				CLANG_WARN_UNREACHABLE_CODE = YES;
				CLANG_WARN__DUPLICATE_METHOD_MATCH = YES;
				CODE_SIGN_IDENTITY = "iPhone Developer";
				COPY_PHASE_STRIP = NO;
				DEBUG_INFORMATION_FORMAT = dwarf;
				ENABLE_STRICT_OBJC_MSGSEND = YES;
				ENABLE_TESTABILITY = YES;
				GCC_C_LANGUAGE_STANDARD = gnu11;
				GCC_DYNAMIC_NO_PIC = NO;
				GCC_NO_COMMON_BLOCKS = YES;
				GCC_OPTIMIZATION_LEVEL = 0;
				GCC_PREPROCESSOR_DEFINITIONS = (
					"DEBUG=1",
					"$(inherited)",
				);
				GCC_WARN_64_TO_32_BIT_CONVERSION = YES;
				GCC_WARN_ABOUT_RETURN_TYPE = YES_ERROR;
				GCC_WARN_UNDECLARED_SELECTOR = YES;
				GCC_WARN_UNINITIALIZED_AUTOS = YES_AGGRESSIVE;
				GCC_WARN_UNUSED_FUNCTION = YES;
				GCC_WARN_UNUSED_VARIABLE = YES;
				IPHONEOS_DEPLOYMENT_TARGET = 12.1;
				MTL_ENABLE_DEBUG_INFO = INCLUDE_SOURCE;
				MTL_FAST_MATH = YES;
				ONLY_ACTIVE_ARCH = YES;
				SDKROOT = iphoneos;
				SWIFT_ACTIVE_COMPILATION_CONDITIONS = DEBUG;
				SWIFT_OPTIMIZATION_LEVEL = "-Onone";
			};
			name = Debug;
		};
		51EBA70E221DF12100A3F951 /* Release */ = {
			isa = XCBuildConfiguration;
			buildSettings = {
				ALWAYS_SEARCH_USER_PATHS = NO;
				CLANG_ANALYZER_NONNULL = YES;
				CLANG_ANALYZER_NUMBER_OBJECT_CONVERSION = YES_AGGRESSIVE;
				CLANG_CXX_LANGUAGE_STANDARD = "gnu++14";
				CLANG_CXX_LIBRARY = "libc++";
				CLANG_ENABLE_MODULES = YES;
				CLANG_ENABLE_OBJC_ARC = YES;
				CLANG_ENABLE_OBJC_WEAK = YES;
				CLANG_WARN_BLOCK_CAPTURE_AUTORELEASING = YES;
				CLANG_WARN_BOOL_CONVERSION = YES;
				CLANG_WARN_COMMA = YES;
				CLANG_WARN_CONSTANT_CONVERSION = YES;
				CLANG_WARN_DEPRECATED_OBJC_IMPLEMENTATIONS = YES;
				CLANG_WARN_DIRECT_OBJC_ISA_USAGE = YES_ERROR;
				CLANG_WARN_DOCUMENTATION_COMMENTS = YES;
				CLANG_WARN_EMPTY_BODY = YES;
				CLANG_WARN_ENUM_CONVERSION = YES;
				CLANG_WARN_INFINITE_RECURSION = YES;
				CLANG_WARN_INT_CONVERSION = YES;
				CLANG_WARN_NON_LITERAL_NULL_CONVERSION = YES;
				CLANG_WARN_OBJC_IMPLICIT_RETAIN_SELF = YES;
				CLANG_WARN_OBJC_LITERAL_CONVERSION = YES;
				CLANG_WARN_OBJC_ROOT_CLASS = YES_ERROR;
				CLANG_WARN_RANGE_LOOP_ANALYSIS = YES;
				CLANG_WARN_STRICT_PROTOTYPES = YES;
				CLANG_WARN_SUSPICIOUS_MOVE = YES;
				CLANG_WARN_UNGUARDED_AVAILABILITY = YES_AGGRESSIVE;
				CLANG_WARN_UNREACHABLE_CODE = YES;
				CLANG_WARN__DUPLICATE_METHOD_MATCH = YES;
				CODE_SIGN_IDENTITY = "iPhone Developer";
				COPY_PHASE_STRIP = NO;
				DEBUG_INFORMATION_FORMAT = "dwarf-with-dsym";
				ENABLE_NS_ASSERTIONS = NO;
				ENABLE_STRICT_OBJC_MSGSEND = YES;
				GCC_C_LANGUAGE_STANDARD = gnu11;
				GCC_NO_COMMON_BLOCKS = YES;
				GCC_WARN_64_TO_32_BIT_CONVERSION = YES;
				GCC_WARN_ABOUT_RETURN_TYPE = YES_ERROR;
				GCC_WARN_UNDECLARED_SELECTOR = YES;
				GCC_WARN_UNINITIALIZED_AUTOS = YES_AGGRESSIVE;
				GCC_WARN_UNUSED_FUNCTION = YES;
				GCC_WARN_UNUSED_VARIABLE = YES;
				IPHONEOS_DEPLOYMENT_TARGET = 12.1;
				MTL_ENABLE_DEBUG_INFO = NO;
				MTL_FAST_MATH = YES;
				SDKROOT = iphoneos;
				SWIFT_COMPILATION_MODE = wholemodule;
				SWIFT_OPTIMIZATION_LEVEL = "-O";
				VALIDATE_PRODUCT = YES;
			};
			name = Release;
		};
		51EBA710221DF12100A3F951 /* Debug */ = {
			isa = XCBuildConfiguration;
			baseConfigurationReference = 8E5CB4A6F04E9A540F0AD79B /* Pods-swifty-tictactoe.debug.xcconfig */;
			buildSettings = {
				ASSETCATALOG_COMPILER_APPICON_NAME = AppIcon;
				CODE_SIGN_STYLE = Automatic;
				INFOPLIST_FILE = "swifty-tictactoe/Info.plist";
				LD_RUNPATH_SEARCH_PATHS = (
					"$(inherited)",
					"@executable_path/Frameworks",
				);
				PRODUCT_BUNDLE_IDENTIFIER = "personal.swifty-tictactoe";
				PRODUCT_NAME = "$(TARGET_NAME)";
				SWIFT_VERSION = 4.2;
				TARGETED_DEVICE_FAMILY = "1,2";
			};
			name = Debug;
		};
		51EBA711221DF12100A3F951 /* Release */ = {
			isa = XCBuildConfiguration;
			baseConfigurationReference = E4B51A452917CDDEFE9811E8 /* Pods-swifty-tictactoe.release.xcconfig */;
			buildSettings = {
				ASSETCATALOG_COMPILER_APPICON_NAME = AppIcon;
				CODE_SIGN_STYLE = Automatic;
				INFOPLIST_FILE = "swifty-tictactoe/Info.plist";
				LD_RUNPATH_SEARCH_PATHS = (
					"$(inherited)",
					"@executable_path/Frameworks",
				);
				PRODUCT_BUNDLE_IDENTIFIER = "personal.swifty-tictactoe";
				PRODUCT_NAME = "$(TARGET_NAME)";
				SWIFT_VERSION = 4.2;
				TARGETED_DEVICE_FAMILY = "1,2";
			};
			name = Release;
		};
		51EBA713221DF12100A3F951 /* Debug */ = {
			isa = XCBuildConfiguration;
			baseConfigurationReference = 3EA84D53A9FD709519C5DA8B /* Pods-swifty-tictactoeTests.debug.xcconfig */;
			buildSettings = {
				ALWAYS_EMBED_SWIFT_STANDARD_LIBRARIES = YES;
				BUNDLE_LOADER = "$(TEST_HOST)";
				CODE_SIGN_STYLE = Automatic;
				INFOPLIST_FILE = "swifty-tictactoeTests/Info.plist";
				LD_RUNPATH_SEARCH_PATHS = (
					"$(inherited)",
					"@executable_path/Frameworks",
					"@loader_path/Frameworks",
				);
				PRODUCT_BUNDLE_IDENTIFIER = "personal.swifty-tictactoeTests";
				PRODUCT_NAME = "$(TARGET_NAME)";
				SWIFT_VERSION = 4.2;
				TARGETED_DEVICE_FAMILY = "1,2";
				TEST_HOST = "$(BUILT_PRODUCTS_DIR)/swifty-tictactoe.app/swifty-tictactoe";
			};
			name = Debug;
		};
		51EBA714221DF12100A3F951 /* Release */ = {
			isa = XCBuildConfiguration;
			baseConfigurationReference = 14F59D6BEC26383B541E8FEF /* Pods-swifty-tictactoeTests.release.xcconfig */;
			buildSettings = {
				ALWAYS_EMBED_SWIFT_STANDARD_LIBRARIES = YES;
				BUNDLE_LOADER = "$(TEST_HOST)";
				CODE_SIGN_STYLE = Automatic;
				INFOPLIST_FILE = "swifty-tictactoeTests/Info.plist";
				LD_RUNPATH_SEARCH_PATHS = (
					"$(inherited)",
					"@executable_path/Frameworks",
					"@loader_path/Frameworks",
				);
				PRODUCT_BUNDLE_IDENTIFIER = "personal.swifty-tictactoeTests";
				PRODUCT_NAME = "$(TARGET_NAME)";
				SWIFT_VERSION = 4.2;
				TARGETED_DEVICE_FAMILY = "1,2";
				TEST_HOST = "$(BUILT_PRODUCTS_DIR)/swifty-tictactoe.app/swifty-tictactoe";
			};
			name = Release;
		};
		51EBA716221DF12100A3F951 /* Debug */ = {
			isa = XCBuildConfiguration;
			baseConfigurationReference = DDDB0FB365924CDB535561B8 /* Pods-swifty-tictactoeUITests.debug.xcconfig */;
			buildSettings = {
				ALWAYS_EMBED_SWIFT_STANDARD_LIBRARIES = YES;
				CODE_SIGN_STYLE = Automatic;
				INFOPLIST_FILE = "swifty-tictactoeUITests/Info.plist";
				LD_RUNPATH_SEARCH_PATHS = (
					"$(inherited)",
					"@executable_path/Frameworks",
					"@loader_path/Frameworks",
				);
				PRODUCT_BUNDLE_IDENTIFIER = "personal.swifty-tictactoeUITests";
				PRODUCT_NAME = "$(TARGET_NAME)";
				SWIFT_VERSION = 4.2;
				TARGETED_DEVICE_FAMILY = "1,2";
				TEST_TARGET_NAME = "swifty-tictactoe";
			};
			name = Debug;
		};
		51EBA717221DF12100A3F951 /* Release */ = {
			isa = XCBuildConfiguration;
			baseConfigurationReference = ACB1AB4B44F7F8A089ADAC61 /* Pods-swifty-tictactoeUITests.release.xcconfig */;
			buildSettings = {
				ALWAYS_EMBED_SWIFT_STANDARD_LIBRARIES = YES;
				CODE_SIGN_STYLE = Automatic;
				INFOPLIST_FILE = "swifty-tictactoeUITests/Info.plist";
				LD_RUNPATH_SEARCH_PATHS = (
					"$(inherited)",
					"@executable_path/Frameworks",
					"@loader_path/Frameworks",
				);
				PRODUCT_BUNDLE_IDENTIFIER = "personal.swifty-tictactoeUITests";
				PRODUCT_NAME = "$(TARGET_NAME)";
				SWIFT_VERSION = 4.2;
				TARGETED_DEVICE_FAMILY = "1,2";
				TEST_TARGET_NAME = "swifty-tictactoe";
			};
			name = Release;
		};
/* End XCBuildConfiguration section */

/* Begin XCConfigurationList section */
		51EBA6DF221DF12000A3F951 /* Build configuration list for PBXProject "swifty-tictactoe" */ = {
			isa = XCConfigurationList;
			buildConfigurations = (
				51EBA70D221DF12100A3F951 /* Debug */,
				51EBA70E221DF12100A3F951 /* Release */,
			);
			defaultConfigurationIsVisible = 0;
			defaultConfigurationName = Release;
		};
		51EBA70F221DF12100A3F951 /* Build configuration list for PBXNativeTarget "swifty-tictactoe" */ = {
			isa = XCConfigurationList;
			buildConfigurations = (
				51EBA710221DF12100A3F951 /* Debug */,
				51EBA711221DF12100A3F951 /* Release */,
			);
			defaultConfigurationIsVisible = 0;
			defaultConfigurationName = Release;
		};
		51EBA712221DF12100A3F951 /* Build configuration list for PBXNativeTarget "swifty-tictactoeTests" */ = {
			isa = XCConfigurationList;
			buildConfigurations = (
				51EBA713221DF12100A3F951 /* Debug */,
				51EBA714221DF12100A3F951 /* Release */,
			);
			defaultConfigurationIsVisible = 0;
			defaultConfigurationName = Release;
		};
		51EBA715221DF12100A3F951 /* Build configuration list for PBXNativeTarget "swifty-tictactoeUITests" */ = {
			isa = XCConfigurationList;
			buildConfigurations = (
				51EBA716221DF12100A3F951 /* Debug */,
				51EBA717221DF12100A3F951 /* Release */,
			);
			defaultConfigurationIsVisible = 0;
			defaultConfigurationName = Release;
		};
/* End XCConfigurationList section */

/* Begin XCVersionGroup section */
		51EBA6EE221DF12000A3F951 /* swifty_tictactoe.xcdatamodeld */ = {
			isa = XCVersionGroup;
			children = (
				51EBA6EF221DF12000A3F951 /* swifty_tictactoe.xcdatamodel */,
			);
			currentVersion = 51EBA6EF221DF12000A3F951 /* swifty_tictactoe.xcdatamodel */;
			path = swifty_tictactoe.xcdatamodeld;
			sourceTree = "<group>";
			versionGroupType = wrapper.xcdatamodel;
		};
/* End XCVersionGroup section */
	};
	rootObject = 51EBA6DC221DF12000A3F951 /* Project object */;
}
